
Microsoft Visual Studio Solution File, Format Version 12.00
# Visual Studio Version 17
VisualStudioVersion = 17.14.36623.8 d17.14
MinimumVisualStudioVersion = 10.0.40219.1
Project("{FAE04EC0-301F-11D3-BF4B-00C04F79EFBC}") = "Access Data Tables Inside Data Sets By Name", "Access Data Tables Inside Data Sets By Name.csproj", "{D1A9B00A-BE4D-4249-90EA-9EF24106B225}"
EndProject
Global
	GlobalSection(SolutionConfigurationPlatforms) = preSolution
		Debug|Any CPU = Debug|Any CPU
		Release|Any CPU = Release|Any CPU
	EndGlobalSection
	GlobalSection(ProjectConfigurationPlatforms) = postSolution
		{D1A9B00A-BE4D-4249-90EA-9EF24106B225}.Debug|Any CPU.ActiveCfg = Debug|Any CPU
		{D1A9B00A-BE4D-4249-90EA-9EF24106B225}.Debug|Any CPU.Build.0 = Debug|Any CPU
		{D1A9B00A-BE4D-4249-90EA-9EF24106B225}.Release|Any CPU.ActiveCfg = Release|Any CPU
		{D1A9B00A-BE4D-4249-90EA-9EF24106B225}.Release|Any CPU.Build.0 = Release|Any CPU
	EndGlobalSection
	GlobalSection(SolutionProperties) = preSolution
		HideSolutionNode = FALSE
	EndGlobalSection
	GlobalSection(ExtensibilityGlobals) = postSolution
		SolutionGuid = {BB74951B-5EEF-494A-A117-C4520C274D0E}
	EndGlobalSection
EndGlobal
