
Microsoft Visual Studio Solution File, Format Version 12.00
# Visual Studio Version 17
VisualStudioVersion = 17.14.36623.8 d17.14
MinimumVisualStudioVersion = 10.0.40219.1
Project("{FAE04EC0-301F-11D3-BF4B-00C04F79EFBC}") = "DataTable Example8(Primary Key)", "DataTable Example8(Primary Key).csproj", "{65C20A92-BB5F-44AA-BE56-917AD03131F9}"
EndProject
Global
	GlobalSection(SolutionConfigurationPlatforms) = preSolution
		Debug|Any CPU = Debug|Any CPU
		Release|Any CPU = Release|Any CPU
	EndGlobalSection
	GlobalSection(ProjectConfigurationPlatforms) = postSolution
		{65C20A92-BB5F-44AA-BE56-917AD03131F9}.Debug|Any CPU.ActiveCfg = Debug|Any CPU
		{65C20A92-BB5F-44AA-BE56-917AD03131F9}.Debug|Any CPU.Build.0 = Debug|Any CPU
		{65C20A92-BB5F-44AA-BE56-917AD03131F9}.Release|Any CPU.ActiveCfg = Release|Any CPU
		{65C20A92-BB5F-44AA-BE56-917AD03131F9}.Release|Any CPU.Build.0 = Release|Any CPU
	EndGlobalSection
	GlobalSection(SolutionProperties) = preSolution
		HideSolutionNode = FALSE
	EndGlobalSection
	GlobalSection(ExtensibilityGlobals) = postSolution
		SolutionGuid = {4C403229-7701-49E4-9B37-67F892043A30}
	EndGlobalSection
EndGlobal
