
Microsoft Visual Studio Solution File, Format Version 12.00
# Visual Studio Version 17
VisualStudioVersion = 17.14.36623.8 d17.14
MinimumVisualStudioVersion = 10.0.40219.1
Project("{FAE04EC0-301F-11D3-BF4B-00C04F79EFBC}") = "DataTable Example5(Delete Row)", "DataTable Example5(Delete Row).csproj", "{7A1A8639-6D91-43D7-98EA-FA2F88560C4E}"
EndProject
Global
	GlobalSection(SolutionConfigurationPlatforms) = preSolution
		Debug|Any CPU = Debug|Any CPU
		Release|Any CPU = Release|Any CPU
	EndGlobalSection
	GlobalSection(ProjectConfigurationPlatforms) = postSolution
		{7A1A8639-6D91-43D7-98EA-FA2F88560C4E}.Debug|Any CPU.ActiveCfg = Debug|Any CPU
		{7A1A8639-6D91-43D7-98EA-FA2F88560C4E}.Debug|Any CPU.Build.0 = Debug|Any CPU
		{7A1A8639-6D91-43D7-98EA-FA2F88560C4E}.Release|Any CPU.ActiveCfg = Release|Any CPU
		{7A1A8639-6D91-43D7-98EA-FA2F88560C4E}.Release|Any CPU.Build.0 = Release|Any CPU
	EndGlobalSection
	GlobalSection(SolutionProperties) = preSolution
		HideSolutionNode = FALSE
	EndGlobalSection
	GlobalSection(ExtensibilityGlobals) = postSolution
		SolutionGuid = {411EE72F-8D44-4603-B1A1-B24DE76E246C}
	EndGlobalSection
EndGlobal
