
Microsoft Visual Studio Solution File, Format Version 12.00
# Visual Studio Version 17
VisualStudioVersion = 17.14.36623.8 d17.14
MinimumVisualStudioVersion = 10.0.40219.1
Project("{FAE04EC0-301F-11D3-BF4B-00C04F79EFBC}") = "Filtering Data In Data View", "Filtering Data In Data View.csproj", "{1704E315-3097-40F4-83CB-7F148C5477C6}"
EndProject
Global
	GlobalSection(SolutionConfigurationPlatforms) = preSolution
		Debug|Any CPU = Debug|Any CPU
		Release|Any CPU = Release|Any CPU
	EndGlobalSection
	GlobalSection(ProjectConfigurationPlatforms) = postSolution
		{1704E315-3097-40F4-83CB-7F148C5477C6}.Debug|Any CPU.ActiveCfg = Debug|Any CPU
		{1704E315-3097-40F4-83CB-7F148C5477C6}.Debug|Any CPU.Build.0 = Debug|Any CPU
		{1704E315-3097-40F4-83CB-7F148C5477C6}.Release|Any CPU.ActiveCfg = Release|Any CPU
		{1704E315-3097-40F4-83CB-7F148C5477C6}.Release|Any CPU.Build.0 = Release|Any CPU
	EndGlobalSection
	GlobalSection(SolutionProperties) = preSolution
		HideSolutionNode = FALSE
	EndGlobalSection
	GlobalSection(ExtensibilityGlobals) = postSolution
		SolutionGuid = {F36814CE-AED6-4AE3-A793-4D9C2E6D966F}
	EndGlobalSection
EndGlobal
