
Microsoft Visual Studio Solution File, Format Version 12.00
# Visual Studio Version 17
VisualStudioVersion = 17.14.36623.8 d17.14
MinimumVisualStudioVersion = 10.0.40219.1
Project("{FAE04EC0-301F-11D3-BF4B-00C04F79EFBC}") = "DataTable Example6(Update Rows)", "DataTable Example6(Update Rows).csproj", "{5939E29B-2098-43AC-AF69-DFBFA899EA61}"
EndProject
Global
	GlobalSection(SolutionConfigurationPlatforms) = preSolution
		Debug|Any CPU = Debug|Any CPU
		Release|Any CPU = Release|Any CPU
	EndGlobalSection
	GlobalSection(ProjectConfigurationPlatforms) = postSolution
		{5939E29B-2098-43AC-AF69-DFBFA899EA61}.Debug|Any CPU.ActiveCfg = Debug|Any CPU
		{5939E29B-2098-43AC-AF69-DFBFA899EA61}.Debug|Any CPU.Build.0 = Debug|Any CPU
		{5939E29B-2098-43AC-AF69-DFBFA899EA61}.Release|Any CPU.ActiveCfg = Release|Any CPU
		{5939E29B-2098-43AC-AF69-DFBFA899EA61}.Release|Any CPU.Build.0 = Release|Any CPU
	EndGlobalSection
	GlobalSection(SolutionProperties) = preSolution
		HideSolutionNode = FALSE
	EndGlobalSection
	GlobalSection(ExtensibilityGlobals) = postSolution
		SolutionGuid = {A64FEBF0-1D82-44D4-B3C0-6F9D4C4E6F08}
	EndGlobalSection
EndGlobal
