
Microsoft Visual Studio Solution File, Format Version 12.00
# Visual Studio Version 17
VisualStudioVersion = 17.14.36623.8 d17.14
MinimumVisualStudioVersion = 10.0.40219.1
Project("{FAE04EC0-301F-11D3-BF4B-00C04F79EFBC}") = "DataTable Example 1 (Create Offline Data Table and ListData)", "DataTable Example 1 (Create Offline Data Table and ListData).csproj", "{5B23F530-6B16-404A-920A-CE9AC0391304}"
EndProject
Global
	GlobalSection(SolutionConfigurationPlatforms) = preSolution
		Debug|Any CPU = Debug|Any CPU
		Release|Any CPU = Release|Any CPU
	EndGlobalSection
	GlobalSection(ProjectConfigurationPlatforms) = postSolution
		{5B23F530-6B16-404A-920A-CE9AC0391304}.Debug|Any CPU.ActiveCfg = Debug|Any CPU
		{5B23F530-6B16-404A-920A-CE9AC0391304}.Debug|Any CPU.Build.0 = Debug|Any CPU
		{5B23F530-6B16-404A-920A-CE9AC0391304}.Release|Any CPU.ActiveCfg = Release|Any CPU
		{5B23F530-6B16-404A-920A-CE9AC0391304}.Release|Any CPU.Build.0 = Release|Any CPU
	EndGlobalSection
	GlobalSection(SolutionProperties) = preSolution
		HideSolutionNode = FALSE
	EndGlobalSection
	GlobalSection(ExtensibilityGlobals) = postSolution
		SolutionGuid = {2A5B1211-410F-4835-8D02-A9171B2F9DA5}
	EndGlobalSection
EndGlobal
